
Microsoft Visual Studio Solution File, Format Version 12.00
# Visual Studio Version 17
VisualStudioVersion = 17.10.35027.167
MinimumVisualStudioVersion = 10.0.40219.1
Project("{FAE04EC0-301F-11D3-BF4B-00C04F79EFBC}") = "HabitTrackerAPI", "HabitTrackerAPI\HabitTrackerAPI.csproj", "{81638123-DC10-4099-9CC7-C5E7B5301C40}"
EndProject
Global
	GlobalSection(SolutionConfigurationPlatforms) = preSolution
		Debug|Any CPU = Debug|Any CPU
		Release|Any CPU = Release|Any CPU
	EndGlobalSection
	GlobalSection(ProjectConfigurationPlatforms) = postSolution
		{81638123-DC10-4099-9CC7-C5E7B5301C40}.Debug|Any CPU.ActiveCfg = Debug|Any CPU
		{81638123-DC10-4099-9CC7-C5E7B5301C40}.Debug|Any CPU.Build.0 = Debug|Any CPU
		{81638123-DC10-4099-9CC7-C5E7B5301C40}.Release|Any CPU.ActiveCfg = Release|Any CPU
		{81638123-DC10-4099-9CC7-C5E7B5301C40}.Release|Any CPU.Build.0 = Release|Any CPU
	EndGlobalSection
	GlobalSection(SolutionProperties) = preSolution
		HideSolutionNode = FALSE
	EndGlobalSection
	GlobalSection(ExtensibilityGlobals) = postSolution
		SolutionGuid = {0844CD6A-664F-4783-B065-209A9D4F9C6A}
	EndGlobalSection
EndGlobal
